
Microsoft Visual Studio Solution File, Format Version 12.00
# Visual Studio Version 17
VisualStudioVersion = 17.12.35209.166
MinimumVisualStudioVersion = 10.0.40219.1
Project("{FAE04EC0-301F-11D3-BF4B-00C04F79EFBC}") = "visproarlino", "visproarlino\visproarlino.csproj", "{4979BB55-0821-4AF7-8C66-D1D7FA8E586C}"
EndProject
Global
	GlobalSection(SolutionConfigurationPlatforms) = preSolution
		Debug|Any CPU = Debug|Any CPU
		Release|Any CPU = Release|Any CPU
	EndGlobalSection
	GlobalSection(ProjectConfigurationPlatforms) = postSolution
		{4979BB55-0821-4AF7-8C66-D1D7FA8E586C}.Debug|Any CPU.ActiveCfg = Debug|Any CPU
		{4979BB55-0821-4AF7-8C66-D1D7FA8E586C}.Debug|Any CPU.Build.0 = Debug|Any CPU
		{4979BB55-0821-4AF7-8C66-D1D7FA8E586C}.Release|Any CPU.ActiveCfg = Release|Any CPU
		{4979BB55-0821-4AF7-8C66-D1D7FA8E586C}.Release|Any CPU.Build.0 = Release|Any CPU
	EndGlobalSection
	GlobalSection(SolutionProperties) = preSolution
		HideSolutionNode = FALSE
	EndGlobalSection
	GlobalSection(ExtensibilityGlobals) = postSolution
		SolutionGuid = {C714F0FC-4E41-4457-BAD7-8E9A2F8E2E2B}
	EndGlobalSection
EndGlobal
